
Microsoft Visual Studio Solution File, Format Version 12.00
# Visual Studio Version 16
VisualStudioVersion = 16.0.29905.134
MinimumVisualStudioVersion = 10.0.40219.1
Project("{FAE04EC0-301F-11D3-BF4B-00C04F79EFBC}") = "MobilApi", "MobilApi\MobilApi.csproj", "{CBA5962F-68AE-4359-BFB9-5EF96825D9A5}"
EndProject
Global
	GlobalSection(SolutionConfigurationPlatforms) = preSolution
		Debug|Any CPU = Debug|Any CPU
		Release|Any CPU = Release|Any CPU
	EndGlobalSection
	GlobalSection(ProjectConfigurationPlatforms) = postSolution
		{CBA5962F-68AE-4359-BFB9-5EF96825D9A5}.Debug|Any CPU.ActiveCfg = Debug|Any CPU
		{CBA5962F-68AE-4359-BFB9-5EF96825D9A5}.Debug|Any CPU.Build.0 = Debug|Any CPU
		{CBA5962F-68AE-4359-BFB9-5EF96825D9A5}.Release|Any CPU.ActiveCfg = Release|Any CPU
		{CBA5962F-68AE-4359-BFB9-5EF96825D9A5}.Release|Any CPU.Build.0 = Release|Any CPU
	EndGlobalSection
	GlobalSection(SolutionProperties) = preSolution
		HideSolutionNode = FALSE
	EndGlobalSection
	GlobalSection(ExtensibilityGlobals) = postSolution
		SolutionGuid = {8A9893B6-EADD-4FA0-B1FF-BB37D3E36666}
	EndGlobalSection
EndGlobal
